
Microsoft Visual Studio Solution File, Format Version 10.00
# Visual Studio 2008
Project("{FAE04EC0-301F-11D3-BF4B-00C04F79EFBC}") = "HueLights", "HueLights\HueLights.csproj", "{2A45EB92-F91A-4DB1-B172-F8F3D3155652}"
EndProject
Project("{FAE04EC0-301F-11D3-BF4B-00C04F79EFBC}") = "HueTest", "HueTest\HueTest.csproj", "{8F2B09D0-231F-4B57-ACC6-9FE74B04740E}"
EndProject
Global
	GlobalSection(SolutionConfigurationPlatforms) = preSolution
		Debug|Any CPU = Debug|Any CPU
		Release|Any CPU = Release|Any CPU
	EndGlobalSection
	GlobalSection(ProjectConfigurationPlatforms) = postSolution
		{2A45EB92-F91A-4DB1-B172-F8F3D3155652}.Debug|Any CPU.ActiveCfg = Debug|Any CPU
		{2A45EB92-F91A-4DB1-B172-F8F3D3155652}.Debug|Any CPU.Build.0 = Debug|Any CPU
		{2A45EB92-F91A-4DB1-B172-F8F3D3155652}.Release|Any CPU.ActiveCfg = Release|Any CPU
		{2A45EB92-F91A-4DB1-B172-F8F3D3155652}.Release|Any CPU.Build.0 = Release|Any CPU
		{8F2B09D0-231F-4B57-ACC6-9FE74B04740E}.Debug|Any CPU.ActiveCfg = Debug|Any CPU
		{8F2B09D0-231F-4B57-ACC6-9FE74B04740E}.Debug|Any CPU.Build.0 = Debug|Any CPU
		{8F2B09D0-231F-4B57-ACC6-9FE74B04740E}.Release|Any CPU.ActiveCfg = Release|Any CPU
		{8F2B09D0-231F-4B57-ACC6-9FE74B04740E}.Release|Any CPU.Build.0 = Release|Any CPU
	EndGlobalSection
	GlobalSection(SolutionProperties) = preSolution
		HideSolutionNode = FALSE
	EndGlobalSection
EndGlobal
